
Microsoft Visual Studio Solution File, Format Version 12.00
# Visual Studio 14
VisualStudioVersion = 14.0.25420.1
MinimumVisualStudioVersion = 10.0.40219.1
Project("{151D2E53-A2C4-4D7D-83FE-D05416EBD58E}") = "TFSVMDeploy", "TFSVMDeploy\TFSVMDeploy.deployproj", "{76C13ACD-895E-4A1D-A231-D3DC4B3E8C28}"
EndProject
Global
	GlobalSection(SolutionConfigurationPlatforms) = preSolution
		Debug|Any CPU = Debug|Any CPU
		Release|Any CPU = Release|Any CPU
	EndGlobalSection
	GlobalSection(ProjectConfigurationPlatforms) = postSolution
		{76C13ACD-895E-4A1D-A231-D3DC4B3E8C28}.Debug|Any CPU.ActiveCfg = Debug|Any CPU
		{76C13ACD-895E-4A1D-A231-D3DC4B3E8C28}.Debug|Any CPU.Build.0 = Debug|Any CPU
		{76C13ACD-895E-4A1D-A231-D3DC4B3E8C28}.Release|Any CPU.ActiveCfg = Release|Any CPU
		{76C13ACD-895E-4A1D-A231-D3DC4B3E8C28}.Release|Any CPU.Build.0 = Release|Any CPU
	EndGlobalSection
	GlobalSection(SolutionProperties) = preSolution
		HideSolutionNode = FALSE
	EndGlobalSection
EndGlobal
